// !$*UTF8*$!
{
	archiveVersion = 1;
	classes = {
	};
	objectVersion = 46;
	objects = {

/* Begin PBXBuildFile section */
		1B39FD72157041D18F0FCED7 /* libPods-JDFToolkit.a in Frameworks */ = {isa = PBXBuildFile; fileRef = E61D104E48B844EB89F5C633 /* libPods-JDFToolkit.a */; };
		6003F58E195388D20070C39A /* Foundation.framework in Frameworks */ = {isa = PBXBuildFile; fileRef = 6003F58D195388D20070C39A /* Foundation.framework */; };
		6003F590195388D20070C39A /* CoreGraphics.framework in Frameworks */ = {isa = PBXBuildFile; fileRef = 6003F58F195388D20070C39A /* CoreGraphics.framework */; };
		6003F592195388D20070C39A /* UIKit.framework in Frameworks */ = {isa = PBXBuildFile; fileRef = 6003F591195388D20070C39A /* UIKit.framework */; };
		6003F598195388D20070C39A /* InfoPlist.strings in Resources */ = {isa = PBXBuildFile; fileRef = 6003F596195388D20070C39A /* InfoPlist.strings */; };
		6003F59A195388D20070C39A /* main.m in Sources */ = {isa = PBXBuildFile; fileRef = 6003F599195388D20070C39A /* main.m */; };
		6003F59E195388D20070C39A /* JDFAppDelegate.m in Sources */ = {isa = PBXBuildFile; fileRef = 6003F59D195388D20070C39A /* JDFAppDelegate.m */; };
		6003F5A1195388D20070C39A /* Main_iPhone.storyboard in Resources */ = {isa = PBXBuildFile; fileRef = 6003F59F195388D20070C39A /* Main_iPhone.storyboard */; };
		6003F5A4195388D20070C39A /* Main_iPad.storyboard in Resources */ = {isa = PBXBuildFile; fileRef = 6003F5A2195388D20070C39A /* Main_iPad.storyboard */; };
		6003F5A7195388D20070C39A /* JDFViewController.m in Sources */ = {isa = PBXBuildFile; fileRef = 6003F5A6195388D20070C39A /* JDFViewController.m */; };
		6003F5A9195388D20070C39A /* Images.xcassets in Resources */ = {isa = PBXBuildFile; fileRef = 6003F5A8195388D20070C39A /* Images.xcassets */; };
		6003F5B0195388D20070C39A /* XCTest.framework in Frameworks */ = {isa = PBXBuildFile; fileRef = 6003F5AF195388D20070C39A /* XCTest.framework */; };
		6003F5B1195388D20070C39A /* Foundation.framework in Frameworks */ = {isa = PBXBuildFile; fileRef = 6003F58D195388D20070C39A /* Foundation.framework */; };
		6003F5B2195388D20070C39A /* UIKit.framework in Frameworks */ = {isa = PBXBuildFile; fileRef = 6003F591195388D20070C39A /* UIKit.framework */; };
		6003F5BA195388D20070C39A /* InfoPlist.strings in Resources */ = {isa = PBXBuildFile; fileRef = 6003F5B8195388D20070C39A /* InfoPlist.strings */; };
		6003F5BC195388D20070C39A /* Tests.m in Sources */ = {isa = PBXBuildFile; fileRef = 6003F5BB195388D20070C39A /* Tests.m */; };
		E1F325A2A42F425C980070F1 /* libPods-Tests.a in Frameworks */ = {isa = PBXBuildFile; fileRef = AF08668966DC41638FBCB21B /* libPods-Tests.a */; };
		F2F9C0291970A630000AA40E /* JDFDateFormatterCache.m in Sources */ = {isa = PBXBuildFile; fileRef = F2F9C0061970A630000AA40E /* JDFDateFormatterCache.m */; };
		F2F9C02A1970A630000AA40E /* JDFLocationUtilities.m in Sources */ = {isa = PBXBuildFile; fileRef = F2F9C0081970A630000AA40E /* JDFLocationUtilities.m */; };
		F2F9C02B1970A630000AA40E /* JDFProjectUtilities.m in Sources */ = {isa = PBXBuildFile; fileRef = F2F9C00A1970A630000AA40E /* JDFProjectUtilities.m */; };
		F2F9C02C1970A630000AA40E /* JDFTableItem.m in Sources */ = {isa = PBXBuildFile; fileRef = F2F9C00C1970A630000AA40E /* JDFTableItem.m */; };
		F2F9C02D1970A630000AA40E /* JDFTableSection.m in Sources */ = {isa = PBXBuildFile; fileRef = F2F9C00E1970A630000AA40E /* JDFTableSection.m */; };
		F2F9C02E1970A630000AA40E /* JDFTextView.m in Sources */ = {isa = PBXBuildFile; fileRef = F2F9C0101970A630000AA40E /* JDFTextView.m */; };
		F2F9C02F1970A630000AA40E /* JDFVersionComparator.m in Sources */ = {isa = PBXBuildFile; fileRef = F2F9C0141970A630000AA40E /* JDFVersionComparator.m */; };
		F2F9C0301970A630000AA40E /* NSDate+JDFToolkit.m in Sources */ = {isa = PBXBuildFile; fileRef = F2F9C0161970A630000AA40E /* NSDate+JDFToolkit.m */; };
		F2F9C0311970A630000AA40E /* NSObject+JDFBlocks.m in Sources */ = {isa = PBXBuildFile; fileRef = F2F9C0181970A630000AA40E /* NSObject+JDFBlocks.m */; };
		F2F9C0321970A630000AA40E /* NSString+JDFToolkit.m in Sources */ = {isa = PBXBuildFile; fileRef = F2F9C01A1970A630000AA40E /* NSString+JDFToolkit.m */; };
		F2F9C0331970A630000AA40E /* UILabel+JDFToolkit.m in Sources */ = {isa = PBXBuildFile; fileRef = F2F9C01C1970A630000AA40E /* UILabel+JDFToolkit.m */; };
		F2F9C0341970A630000AA40E /* UITableViewController+JDFToolkit.m in Sources */ = {isa = PBXBuildFile; fileRef = F2F9C01E1970A630000AA40E /* UITableViewController+JDFToolkit.m */; };
		F2F9C0351970A630000AA40E /* UITextField+JDFToolkit.m in Sources */ = {isa = PBXBuildFile; fileRef = F2F9C0201970A630000AA40E /* UITextField+JDFToolkit.m */; };
		F2F9C0361970A630000AA40E /* UIToolbar+JDFToolkit.m in Sources */ = {isa = PBXBuildFile; fileRef = F2F9C0221970A630000AA40E /* UIToolbar+JDFToolkit.m */; };
		F2F9C0371970A630000AA40E /* UIView+JDFGeometry.m in Sources */ = {isa = PBXBuildFile; fileRef = F2F9C0241970A630000AA40E /* UIView+JDFGeometry.m */; };
		F2F9C0381970A630000AA40E /* UIView+JDFToolkit.m in Sources */ = {isa = PBXBuildFile; fileRef = F2F9C0261970A630000AA40E /* UIView+JDFToolkit.m */; };
		F2F9C0391970A630000AA40E /* UIViewController+JDFTransitionAdditions.m in Sources */ = {isa = PBXBuildFile; fileRef = F2F9C0281970A630000AA40E /* UIViewController+JDFTransitionAdditions.m */; };
/* End PBXBuildFile section */

/* Begin PBXContainerItemProxy section */
		6003F5B3195388D20070C39A /* PBXContainerItemProxy */ = {
			isa = PBXContainerItemProxy;
			containerPortal = 6003F582195388D10070C39A /* Project object */;
			proxyType = 1;
			remoteGlobalIDString = 6003F589195388D20070C39A;
			remoteInfo = JDFToolkit;
		};
/* End PBXContainerItemProxy section */

/* Begin PBXFileReference section */
		00EAE6E1F157403A93F56890 /* LICENSE */ = {isa = PBXFileReference; includeInIndex = 1; lastKnownFileType = text; name = LICENSE; path = ../LICENSE; sourceTree = "<group>"; };
		24D5F11836A242CE9210572F /* Pods-JDFToolkit.xcconfig */ = {isa = PBXFileReference; includeInIndex = 1; lastKnownFileType = text.xcconfig; name = "Pods-JDFToolkit.xcconfig"; path = "Pods/Pods-JDFToolkit.xcconfig"; sourceTree = "<group>"; };
		46CCDB0DF5794F308661A167 /* README.md */ = {isa = PBXFileReference; includeInIndex = 1; lastKnownFileType = text; name = README.md; path = ../README.md; sourceTree = "<group>"; };
		6003F58A195388D20070C39A /* JDFToolkit.app */ = {isa = PBXFileReference; explicitFileType = wrapper.application; includeInIndex = 0; path = JDFToolkit.app; sourceTree = BUILT_PRODUCTS_DIR; };
		6003F58D195388D20070C39A /* Foundation.framework */ = {isa = PBXFileReference; lastKnownFileType = wrapper.framework; name = Foundation.framework; path = System/Library/Frameworks/Foundation.framework; sourceTree = SDKROOT; };
		6003F58F195388D20070C39A /* CoreGraphics.framework */ = {isa = PBXFileReference; lastKnownFileType = wrapper.framework; name = CoreGraphics.framework; path = System/Library/Frameworks/CoreGraphics.framework; sourceTree = SDKROOT; };
		6003F591195388D20070C39A /* UIKit.framework */ = {isa = PBXFileReference; lastKnownFileType = wrapper.framework; name = UIKit.framework; path = System/Library/Frameworks/UIKit.framework; sourceTree = SDKROOT; };
		6003F595195388D20070C39A /* JDFToolkit-Info.plist */ = {isa = PBXFileReference; lastKnownFileType = text.plist.xml; path = "JDFToolkit-Info.plist"; sourceTree = "<group>"; };
		6003F597195388D20070C39A /* en */ = {isa = PBXFileReference; lastKnownFileType = text.plist.strings; name = en; path = en.lproj/InfoPlist.strings; sourceTree = "<group>"; };
		6003F599195388D20070C39A /* main.m */ = {isa = PBXFileReference; lastKnownFileType = sourcecode.c.objc; path = main.m; sourceTree = "<group>"; };
		6003F59B195388D20070C39A /* JDFToolkit-Prefix.pch */ = {isa = PBXFileReference; lastKnownFileType = sourcecode.c.h; path = "JDFToolkit-Prefix.pch"; sourceTree = "<group>"; };
		6003F59C195388D20070C39A /* JDFAppDelegate.h */ = {isa = PBXFileReference; lastKnownFileType = sourcecode.c.h; path = JDFAppDelegate.h; sourceTree = "<group>"; };
		6003F59D195388D20070C39A /* JDFAppDelegate.m */ = {isa = PBXFileReference; lastKnownFileType = sourcecode.c.objc; path = JDFAppDelegate.m; sourceTree = "<group>"; };
		6003F5A0195388D20070C39A /* Base */ = {isa = PBXFileReference; lastKnownFileType = file.storyboard; name = Base; path = Base.lproj/Main_iPhone.storyboard; sourceTree = "<group>"; };
		6003F5A3195388D20070C39A /* Base */ = {isa = PBXFileReference; lastKnownFileType = file.storyboard; name = Base; path = Base.lproj/Main_iPad.storyboard; sourceTree = "<group>"; };
		6003F5A5195388D20070C39A /* JDFViewController.h */ = {isa = PBXFileReference; lastKnownFileType = sourcecode.c.h; path = JDFViewController.h; sourceTree = "<group>"; };
		6003F5A6195388D20070C39A /* JDFViewController.m */ = {isa = PBXFileReference; lastKnownFileType = sourcecode.c.objc; path = JDFViewController.m; sourceTree = "<group>"; };
		6003F5A8195388D20070C39A /* Images.xcassets */ = {isa = PBXFileReference; lastKnownFileType = folder.assetcatalog; path = Images.xcassets; sourceTree = "<group>"; };
		6003F5AE195388D20070C39A /* Tests.xctest */ = {isa = PBXFileReference; explicitFileType = wrapper.cfbundle; includeInIndex = 0; path = Tests.xctest; sourceTree = BUILT_PRODUCTS_DIR; };
		6003F5AF195388D20070C39A /* XCTest.framework */ = {isa = PBXFileReference; lastKnownFileType = wrapper.framework; name = XCTest.framework; path = Library/Frameworks/XCTest.framework; sourceTree = DEVELOPER_DIR; };
		6003F5B7195388D20070C39A /* Tests-Info.plist */ = {isa = PBXFileReference; lastKnownFileType = text.plist.xml; path = "Tests-Info.plist"; sourceTree = "<group>"; };
		6003F5B9195388D20070C39A /* en */ = {isa = PBXFileReference; lastKnownFileType = text.plist.strings; name = en; path = en.lproj/InfoPlist.strings; sourceTree = "<group>"; };
		6003F5BB195388D20070C39A /* Tests.m */ = {isa = PBXFileReference; lastKnownFileType = sourcecode.c.objc; path = Tests.m; sourceTree = "<group>"; };
		606FC2411953D9B200FFA9A0 /* Tests-Prefix.pch */ = {isa = PBXFileReference; lastKnownFileType = sourcecode.c.h; path = "Tests-Prefix.pch"; sourceTree = "<group>"; };
		9146B8E8799D47D0937F7509 /* JDFToolkit.podspec */ = {isa = PBXFileReference; includeInIndex = 1; lastKnownFileType = text; name = JDFToolkit.podspec; path = ../JDFToolkit.podspec; sourceTree = "<group>"; };
		AF08668966DC41638FBCB21B /* libPods-Tests.a */ = {isa = PBXFileReference; explicitFileType = archive.ar; includeInIndex = 0; path = "libPods-Tests.a"; sourceTree = BUILT_PRODUCTS_DIR; };
		D6FB733019A74A7D9E4096A3 /* Pods-Tests.xcconfig */ = {isa = PBXFileReference; includeInIndex = 1; lastKnownFileType = text.xcconfig; name = "Pods-Tests.xcconfig"; path = "Pods/Pods-Tests.xcconfig"; sourceTree = "<group>"; };
		E61D104E48B844EB89F5C633 /* libPods-JDFToolkit.a */ = {isa = PBXFileReference; explicitFileType = archive.ar; includeInIndex = 0; path = "libPods-JDFToolkit.a"; sourceTree = BUILT_PRODUCTS_DIR; };
		F2F9C0051970A630000AA40E /* JDFDateFormatterCache.h */ = {isa = PBXFileReference; fileEncoding = 4; lastKnownFileType = sourcecode.c.h; name = JDFDateFormatterCache.h; path = ../../Pod/Classes/JDFDateFormatterCache.h; sourceTree = "<group>"; };
		F2F9C0061970A630000AA40E /* JDFDateFormatterCache.m */ = {isa = PBXFileReference; fileEncoding = 4; lastKnownFileType = sourcecode.c.objc; name = JDFDateFormatterCache.m; path = ../../Pod/Classes/JDFDateFormatterCache.m; sourceTree = "<group>"; };
		F2F9C0071970A630000AA40E /* JDFLocationUtilities.h */ = {isa = PBXFileReference; fileEncoding = 4; lastKnownFileType = sourcecode.c.h; name = JDFLocationUtilities.h; path = ../../Pod/Classes/JDFLocationUtilities.h; sourceTree = "<group>"; };
		F2F9C0081970A630000AA40E /* JDFLocationUtilities.m */ = {isa = PBXFileReference; fileEncoding = 4; lastKnownFileType = sourcecode.c.objc; name = JDFLocationUtilities.m; path = ../../Pod/Classes/JDFLocationUtilities.m; sourceTree = "<group>"; };
		F2F9C0091970A630000AA40E /* JDFProjectUtilities.h */ = {isa = PBXFileReference; fileEncoding = 4; lastKnownFileType = sourcecode.c.h; name = JDFProjectUtilities.h; path = ../../Pod/Classes/JDFProjectUtilities.h; sourceTree = "<group>"; };
		F2F9C00A1970A630000AA40E /* JDFProjectUtilities.m */ = {isa = PBXFileReference; fileEncoding = 4; lastKnownFileType = sourcecode.c.objc; name = JDFProjectUtilities.m; path = ../../Pod/Classes/JDFProjectUtilities.m; sourceTree = "<group>"; };
		F2F9C00B1970A630000AA40E /* JDFTableItem.h */ = {isa = PBXFileReference; fileEncoding = 4; lastKnownFileType = sourcecode.c.h; name = JDFTableItem.h; path = ../../Pod/Classes/JDFTableItem.h; sourceTree = "<group>"; };
		F2F9C00C1970A630000AA40E /* JDFTableItem.m */ = {isa = PBXFileReference; fileEncoding = 4; lastKnownFileType = sourcecode.c.objc; name = JDFTableItem.m; path = ../../Pod/Classes/JDFTableItem.m; sourceTree = "<group>"; };
		F2F9C00D1970A630000AA40E /* JDFTableSection.h */ = {isa = PBXFileReference; fileEncoding = 4; lastKnownFileType = sourcecode.c.h; name = JDFTableSection.h; path = ../../Pod/Classes/JDFTableSection.h; sourceTree = "<group>"; };
		F2F9C00E1970A630000AA40E /* JDFTableSection.m */ = {isa = PBXFileReference; fileEncoding = 4; lastKnownFileType = sourcecode.c.objc; name = JDFTableSection.m; path = ../../Pod/Classes/JDFTableSection.m; sourceTree = "<group>"; };
		F2F9C00F1970A630000AA40E /* JDFTextView.h */ = {isa = PBXFileReference; fileEncoding = 4; lastKnownFileType = sourcecode.c.h; name = JDFTextView.h; path = ../../Pod/Classes/JDFTextView.h; sourceTree = "<group>"; };
		F2F9C0101970A630000AA40E /* JDFTextView.m */ = {isa = PBXFileReference; fileEncoding = 4; lastKnownFileType = sourcecode.c.objc; name = JDFTextView.m; path = ../../Pod/Classes/JDFTextView.m; sourceTree = "<group>"; };
		F2F9C0111970A630000AA40E /* JDFToolkit.h */ = {isa = PBXFileReference; fileEncoding = 4; lastKnownFileType = sourcecode.c.h; name = JDFToolkit.h; path = ../../Pod/Classes/JDFToolkit.h; sourceTree = "<group>"; };
		F2F9C0121970A630000AA40E /* JDFToolkitCategories.h */ = {isa = PBXFileReference; fileEncoding = 4; lastKnownFileType = sourcecode.c.h; name = JDFToolkitCategories.h; path = ../../Pod/Classes/JDFToolkitCategories.h; sourceTree = "<group>"; };
		F2F9C0131970A630000AA40E /* JDFVersionComparator.h */ = {isa = PBXFileReference; fileEncoding = 4; lastKnownFileType = sourcecode.c.h; name = JDFVersionComparator.h; path = ../../Pod/Classes/JDFVersionComparator.h; sourceTree = "<group>"; };
		F2F9C0141970A630000AA40E /* JDFVersionComparator.m */ = {isa = PBXFileReference; fileEncoding = 4; lastKnownFileType = sourcecode.c.objc; name = JDFVersionComparator.m; path = ../../Pod/Classes/JDFVersionComparator.m; sourceTree = "<group>"; };
		F2F9C0151970A630000AA40E /* NSDate+JDFToolkit.h */ = {isa = PBXFileReference; fileEncoding = 4; lastKnownFileType = sourcecode.c.h; name = "NSDate+JDFToolkit.h"; path = "../../Pod/Classes/NSDate+JDFToolkit.h"; sourceTree = "<group>"; };
		F2F9C0161970A630000AA40E /* NSDate+JDFToolkit.m */ = {isa = PBXFileReference; fileEncoding = 4; lastKnownFileType = sourcecode.c.objc; name = "NSDate+JDFToolkit.m"; path = "../../Pod/Classes/NSDate+JDFToolkit.m"; sourceTree = "<group>"; };
		F2F9C0171970A630000AA40E /* NSObject+JDFBlocks.h */ = {isa = PBXFileReference; fileEncoding = 4; lastKnownFileType = sourcecode.c.h; name = "NSObject+JDFBlocks.h"; path = "../../Pod/Classes/NSObject+JDFBlocks.h"; sourceTree = "<group>"; };
		F2F9C0181970A630000AA40E /* NSObject+JDFBlocks.m */ = {isa = PBXFileReference; fileEncoding = 4; lastKnownFileType = sourcecode.c.objc; name = "NSObject+JDFBlocks.m"; path = "../../Pod/Classes/NSObject+JDFBlocks.m"; sourceTree = "<group>"; };
		F2F9C0191970A630000AA40E /* NSString+JDFToolkit.h */ = {isa = PBXFileReference; fileEncoding = 4; lastKnownFileType = sourcecode.c.h; name = "NSString+JDFToolkit.h"; path = "../../Pod/Classes/NSString+JDFToolkit.h"; sourceTree = "<group>"; };
		F2F9C01A1970A630000AA40E /* NSString+JDFToolkit.m */ = {isa = PBXFileReference; fileEncoding = 4; lastKnownFileType = sourcecode.c.objc; name = "NSString+JDFToolkit.m"; path = "../../Pod/Classes/NSString+JDFToolkit.m"; sourceTree = "<group>"; };
		F2F9C01B1970A630000AA40E /* UILabel+JDFToolkit.h */ = {isa = PBXFileReference; fileEncoding = 4; lastKnownFileType = sourcecode.c.h; name = "UILabel+JDFToolkit.h"; path = "../../Pod/Classes/UILabel+JDFToolkit.h"; sourceTree = "<group>"; };
		F2F9C01C1970A630000AA40E /* UILabel+JDFToolkit.m */ = {isa = PBXFileReference; fileEncoding = 4; lastKnownFileType = sourcecode.c.objc; name = "UILabel+JDFToolkit.m"; path = "../../Pod/Classes/UILabel+JDFToolkit.m"; sourceTree = "<group>"; };
		F2F9C01D1970A630000AA40E /* UITableViewController+JDFToolkit.h */ = {isa = PBXFileReference; fileEncoding = 4; lastKnownFileType = sourcecode.c.h; name = "UITableViewController+JDFToolkit.h"; path = "../../Pod/Classes/UITableViewController+JDFToolkit.h"; sourceTree = "<group>"; };
		F2F9C01E1970A630000AA40E /* UITableViewController+JDFToolkit.m */ = {isa = PBXFileReference; fileEncoding = 4; lastKnownFileType = sourcecode.c.objc; name = "UITableViewController+JDFToolkit.m"; path = "../../Pod/Classes/UITableViewController+JDFToolkit.m"; sourceTree = "<group>"; };
		F2F9C01F1970A630000AA40E /* UITextField+JDFToolkit.h */ = {isa = PBXFileReference; fileEncoding = 4; lastKnownFileType = sourcecode.c.h; name = "UITextField+JDFToolkit.h"; path = "../../Pod/Classes/UITextField+JDFToolkit.h"; sourceTree = "<group>"; };
		F2F9C0201970A630000AA40E /* UITextField+JDFToolkit.m */ = {isa = PBXFileReference; fileEncoding = 4; lastKnownFileType = sourcecode.c.objc; name = "UITextField+JDFToolkit.m"; path = "../../Pod/Classes/UITextField+JDFToolkit.m"; sourceTree = "<group>"; };
		F2F9C0211970A630000AA40E /* UIToolbar+JDFToolkit.h */ = {isa = PBXFileReference; fileEncoding = 4; lastKnownFileType = sourcecode.c.h; name = "UIToolbar+JDFToolkit.h"; path = "../../Pod/Classes/UIToolbar+JDFToolkit.h"; sourceTree = "<group>"; };
		F2F9C0221970A630000AA40E /* UIToolbar+JDFToolkit.m */ = {isa = PBXFileReference; fileEncoding = 4; lastKnownFileType = sourcecode.c.objc; name = "UIToolbar+JDFToolkit.m"; path = "../../Pod/Classes/UIToolbar+JDFToolkit.m"; sourceTree = "<group>"; };
		F2F9C0231970A630000AA40E /* UIView+JDFGeometry.h */ = {isa = PBXFileReference; fileEncoding = 4; lastKnownFileType = sourcecode.c.h; name = "UIView+JDFGeometry.h"; path = "../../Pod/Classes/UIView+JDFGeometry.h"; sourceTree = "<group>"; };
		F2F9C0241970A630000AA40E /* UIView+JDFGeometry.m */ = {isa = PBXFileReference; fileEncoding = 4; lastKnownFileType = sourcecode.c.objc; name = "UIView+JDFGeometry.m"; path = "../../Pod/Classes/UIView+JDFGeometry.m"; sourceTree = "<group>"; };
		F2F9C0251970A630000AA40E /* UIView+JDFToolkit.h */ = {isa = PBXFileReference; fileEncoding = 4; lastKnownFileType = sourcecode.c.h; name = "UIView+JDFToolkit.h"; path = "../../Pod/Classes/UIView+JDFToolkit.h"; sourceTree = "<group>"; };
		F2F9C0261970A630000AA40E /* UIView+JDFToolkit.m */ = {isa = PBXFileReference; fileEncoding = 4; lastKnownFileType = sourcecode.c.objc; name = "UIView+JDFToolkit.m"; path = "../../Pod/Classes/UIView+JDFToolkit.m"; sourceTree = "<group>"; };
		F2F9C0271970A630000AA40E /* UIViewController+JDFTransitionAdditions.h */ = {isa = PBXFileReference; fileEncoding = 4; lastKnownFileType = sourcecode.c.h; name = "UIViewController+JDFTransitionAdditions.h"; path = "../../Pod/Classes/UIViewController+JDFTransitionAdditions.h"; sourceTree = "<group>"; };
		F2F9C0281970A630000AA40E /* UIViewController+JDFTransitionAdditions.m */ = {isa = PBXFileReference; fileEncoding = 4; lastKnownFileType = sourcecode.c.objc; name = "UIViewController+JDFTransitionAdditions.m"; path = "../../Pod/Classes/UIViewController+JDFTransitionAdditions.m"; sourceTree = "<group>"; };
/* End PBXFileReference section */

/* Begin PBXFrameworksBuildPhase section */
		6003F587195388D20070C39A /* Frameworks */ = {
			isa = PBXFrameworksBuildPhase;
			buildActionMask = 2147483647;
			files = (
				6003F590195388D20070C39A /* CoreGraphics.framework in Frameworks */,
				6003F592195388D20070C39A /* UIKit.framework in Frameworks */,
				6003F58E195388D20070C39A /* Foundation.framework in Frameworks */,
				1B39FD72157041D18F0FCED7 /* libPods-JDFToolkit.a in Frameworks */,
			);
			runOnlyForDeploymentPostprocessing = 0;
		};
		6003F5AB195388D20070C39A /* Frameworks */ = {
			isa = PBXFrameworksBuildPhase;
			buildActionMask = 2147483647;
			files = (
				6003F5B0195388D20070C39A /* XCTest.framework in Frameworks */,
				6003F5B2195388D20070C39A /* UIKit.framework in Frameworks */,
				6003F5B1195388D20070C39A /* Foundation.framework in Frameworks */,
				E1F325A2A42F425C980070F1 /* libPods-Tests.a in Frameworks */,
			);
			runOnlyForDeploymentPostprocessing = 0;
		};
/* End PBXFrameworksBuildPhase section */

/* Begin PBXGroup section */
		6003F581195388D10070C39A = {
			isa = PBXGroup;
			children = (
				60FF7A9C1954A5C5007DD14C /* Podspec Metadata */,
				6003F593195388D20070C39A /* JDFToolkit */,
				6003F5B5195388D20070C39A /* Tests */,
				6003F58C195388D20070C39A /* Frameworks */,
				6003F58B195388D20070C39A /* Products */,
				24D5F11836A242CE9210572F /* Pods-JDFToolkit.xcconfig */,
				D6FB733019A74A7D9E4096A3 /* Pods-Tests.xcconfig */,
			);
			sourceTree = "<group>";
		};
		6003F58B195388D20070C39A /* Products */ = {
			isa = PBXGroup;
			children = (
				6003F58A195388D20070C39A /* JDFToolkit.app */,
				6003F5AE195388D20070C39A /* Tests.xctest */,
			);
			name = Products;
			sourceTree = "<group>";
		};
		6003F58C195388D20070C39A /* Frameworks */ = {
			isa = PBXGroup;
			children = (
				6003F58D195388D20070C39A /* Foundation.framework */,
				6003F58F195388D20070C39A /* CoreGraphics.framework */,
				6003F591195388D20070C39A /* UIKit.framework */,
				6003F5AF195388D20070C39A /* XCTest.framework */,
				E61D104E48B844EB89F5C633 /* libPods-JDFToolkit.a */,
				AF08668966DC41638FBCB21B /* libPods-Tests.a */,
			);
			name = Frameworks;
			sourceTree = "<group>";
		};
		6003F593195388D20070C39A /* JDFToolkit */ = {
			isa = PBXGroup;
			children = (
				F2F9BF97197099B1000AA40E /* JDFToolkit */,
				6003F59C195388D20070C39A /* JDFAppDelegate.h */,
				6003F59D195388D20070C39A /* JDFAppDelegate.m */,
				6003F59F195388D20070C39A /* Main_iPhone.storyboard */,
				6003F5A2195388D20070C39A /* Main_iPad.storyboard */,
				6003F5A5195388D20070C39A /* JDFViewController.h */,
				6003F5A6195388D20070C39A /* JDFViewController.m */,
				6003F5A8195388D20070C39A /* Images.xcassets */,
				6003F594195388D20070C39A /* Supporting Files */,
			);
			path = JDFToolkit;
			sourceTree = "<group>";
		};
		6003F594195388D20070C39A /* Supporting Files */ = {
			isa = PBXGroup;
			children = (
				6003F595195388D20070C39A /* JDFToolkit-Info.plist */,
				6003F596195388D20070C39A /* InfoPlist.strings */,
				6003F599195388D20070C39A /* main.m */,
				6003F59B195388D20070C39A /* JDFToolkit-Prefix.pch */,
			);
			name = "Supporting Files";
			sourceTree = "<group>";
		};
		6003F5B5195388D20070C39A /* Tests */ = {
			isa = PBXGroup;
			children = (
				6003F5BB195388D20070C39A /* Tests.m */,
				6003F5B6195388D20070C39A /* Supporting Files */,
			);
			path = Tests;
			sourceTree = "<group>";
		};
		6003F5B6195388D20070C39A /* Supporting Files */ = {
			isa = PBXGroup;
			children = (
				6003F5B7195388D20070C39A /* Tests-Info.plist */,
				6003F5B8195388D20070C39A /* InfoPlist.strings */,
				606FC2411953D9B200FFA9A0 /* Tests-Prefix.pch */,
			);
			name = "Supporting Files";
			sourceTree = "<group>";
		};
		60FF7A9C1954A5C5007DD14C /* Podspec Metadata */ = {
			isa = PBXGroup;
			children = (
				9146B8E8799D47D0937F7509 /* JDFToolkit.podspec */,
				46CCDB0DF5794F308661A167 /* README.md */,
				00EAE6E1F157403A93F56890 /* LICENSE */,
			);
			name = "Podspec Metadata";
			sourceTree = "<group>";
		};
		F2F9BF97197099B1000AA40E /* JDFToolkit */ = {
			isa = PBXGroup;
			children = (
				F2F9C0051970A630000AA40E /* JDFDateFormatterCache.h */,
				F2F9C0061970A630000AA40E /* JDFDateFormatterCache.m */,
				F2F9C0071970A630000AA40E /* JDFLocationUtilities.h */,
				F2F9C0081970A630000AA40E /* JDFLocationUtilities.m */,
				F2F9C0091970A630000AA40E /* JDFProjectUtilities.h */,
				F2F9C00A1970A630000AA40E /* JDFProjectUtilities.m */,
				F2F9C00B1970A630000AA40E /* JDFTableItem.h */,
				F2F9C00C1970A630000AA40E /* JDFTableItem.m */,
				F2F9C00D1970A630000AA40E /* JDFTableSection.h */,
				F2F9C00E1970A630000AA40E /* JDFTableSection.m */,
				F2F9C00F1970A630000AA40E /* JDFTextView.h */,
				F2F9C0101970A630000AA40E /* JDFTextView.m */,
				F2F9C0111970A630000AA40E /* JDFToolkit.h */,
				F2F9C0121970A630000AA40E /* JDFToolkitCategories.h */,
				F2F9C0131970A630000AA40E /* JDFVersionComparator.h */,
				F2F9C0141970A630000AA40E /* JDFVersionComparator.m */,
				F2F9C0151970A630000AA40E /* NSDate+JDFToolkit.h */,
				F2F9C0161970A630000AA40E /* NSDate+JDFToolkit.m */,
				F2F9C0171970A630000AA40E /* NSObject+JDFBlocks.h */,
				F2F9C0181970A630000AA40E /* NSObject+JDFBlocks.m */,
				F2F9C0191970A630000AA40E /* NSString+JDFToolkit.h */,
				F2F9C01A1970A630000AA40E /* NSString+JDFToolkit.m */,
				F2F9C01B1970A630000AA40E /* UILabel+JDFToolkit.h */,
				F2F9C01C1970A630000AA40E /* UILabel+JDFToolkit.m */,
				F2F9C01D1970A630000AA40E /* UITableViewController+JDFToolkit.h */,
				F2F9C01E1970A630000AA40E /* UITableViewController+JDFToolkit.m */,
				F2F9C01F1970A630000AA40E /* UITextField+JDFToolkit.h */,
				F2F9C0201970A630000AA40E /* UITextField+JDFToolkit.m */,
				F2F9C0211970A630000AA40E /* UIToolbar+JDFToolkit.h */,
				F2F9C0221970A630000AA40E /* UIToolbar+JDFToolkit.m */,
				F2F9C0231970A630000AA40E /* UIView+JDFGeometry.h */,
				F2F9C0241970A630000AA40E /* UIView+JDFGeometry.m */,
				F2F9C0251970A630000AA40E /* UIView+JDFToolkit.h */,
				F2F9C0261970A630000AA40E /* UIView+JDFToolkit.m */,
				F2F9C0271970A630000AA40E /* UIViewController+JDFTransitionAdditions.h */,
				F2F9C0281970A630000AA40E /* UIViewController+JDFTransitionAdditions.m */,
			);
			name = JDFToolkit;
			sourceTree = "<group>";
		};
/* End PBXGroup section */

/* Begin PBXNativeTarget section */
		6003F589195388D20070C39A /* JDFToolkit */ = {
			isa = PBXNativeTarget;
			buildConfigurationList = 6003F5BF195388D20070C39A /* Build configuration list for PBXNativeTarget "JDFToolkit" */;
			buildPhases = (
				71BEDF4AA3A748588F917585 /* Check Pods Manifest.lock */,
				6003F586195388D20070C39A /* Sources */,
				6003F587195388D20070C39A /* Frameworks */,
				6003F588195388D20070C39A /* Resources */,
				DB8C6E20170E4D85883855EE /* Copy Pods Resources */,
			);
			buildRules = (
			);
			dependencies = (
			);
			name = JDFToolkit;
			productName = JDFToolkit;
			productReference = 6003F58A195388D20070C39A /* JDFToolkit.app */;
			productType = "com.apple.product-type.application";
		};
		6003F5AD195388D20070C39A /* Tests */ = {
			isa = PBXNativeTarget;
			buildConfigurationList = 6003F5C2195388D20070C39A /* Build configuration list for PBXNativeTarget "Tests" */;
			buildPhases = (
				E955215396AB4E44A6914149 /* Check Pods Manifest.lock */,
				6003F5AA195388D20070C39A /* Sources */,
				6003F5AB195388D20070C39A /* Frameworks */,
				6003F5AC195388D20070C39A /* Resources */,
				0533CC66A9274D45AD310009 /* Copy Pods Resources */,
			);
			buildRules = (
			);
			dependencies = (
				6003F5B4195388D20070C39A /* PBXTargetDependency */,
			);
			name = Tests;
			productName = JDFToolkitTests;
			productReference = 6003F5AE195388D20070C39A /* Tests.xctest */;
			productType = "com.apple.product-type.bundle.unit-test";
		};
/* End PBXNativeTarget section */

/* Begin PBXProject section */
		6003F582195388D10070C39A /* Project object */ = {
			isa = PBXProject;
			attributes = {
				CLASSPREFIX = JDF;
				LastUpgradeCheck = 0510;
				ORGANIZATIONNAME = "Joe Fryer";
				TargetAttributes = {
					6003F5AD195388D20070C39A = {
						TestTargetID = 6003F589195388D20070C39A;
					};
				};
			};
			buildConfigurationList = 6003F585195388D10070C39A /* Build configuration list for PBXProject "JDFToolkit" */;
			compatibilityVersion = "Xcode 3.2";
			developmentRegion = English;
			hasScannedForEncodings = 0;
			knownRegions = (
				en,
				Base,
			);
			mainGroup = 6003F581195388D10070C39A;
			productRefGroup = 6003F58B195388D20070C39A /* Products */;
			projectDirPath = "";
			projectRoot = "";
			targets = (
				6003F589195388D20070C39A /* JDFToolkit */,
				6003F5AD195388D20070C39A /* Tests */,
			);
		};
/* End PBXProject section */

/* Begin PBXResourcesBuildPhase section */
		6003F588195388D20070C39A /* Resources */ = {
			isa = PBXResourcesBuildPhase;
			buildActionMask = 2147483647;
			files = (
				6003F5A4195388D20070C39A /* Main_iPad.storyboard in Resources */,
				6003F5A9195388D20070C39A /* Images.xcassets in Resources */,
				6003F5A1195388D20070C39A /* Main_iPhone.storyboard in Resources */,
				6003F598195388D20070C39A /* InfoPlist.strings in Resources */,
			);
			runOnlyForDeploymentPostprocessing = 0;
		};
		6003F5AC195388D20070C39A /* Resources */ = {
			isa = PBXResourcesBuildPhase;
			buildActionMask = 2147483647;
			files = (
				6003F5BA195388D20070C39A /* InfoPlist.strings in Resources */,
			);
			runOnlyForDeploymentPostprocessing = 0;
		};
/* End PBXResourcesBuildPhase section */

/* Begin PBXShellScriptBuildPhase section */
		0533CC66A9274D45AD310009 /* Copy Pods Resources */ = {
			isa = PBXShellScriptBuildPhase;
			buildActionMask = 2147483647;
			files = (
			);
			inputPaths = (
			);
			name = "Copy Pods Resources";
			outputPaths = (
			);
			runOnlyForDeploymentPostprocessing = 0;
			shellPath = /bin/sh;
			shellScript = "\"${SRCROOT}/Pods/Pods-Tests-resources.sh\"\n";
			showEnvVarsInLog = 0;
		};
		71BEDF4AA3A748588F917585 /* Check Pods Manifest.lock */ = {
			isa = PBXShellScriptBuildPhase;
			buildActionMask = 2147483647;
			files = (
			);
			inputPaths = (
			);
			name = "Check Pods Manifest.lock";
			outputPaths = (
			);
			runOnlyForDeploymentPostprocessing = 0;
			shellPath = /bin/sh;
			shellScript = "diff \"${PODS_ROOT}/../Podfile.lock\" \"${PODS_ROOT}/Manifest.lock\" > /dev/null\nif [[ $? != 0 ]] ; then\n    cat << EOM\nerror: The sandbox is not in sync with the Podfile.lock. Run 'pod install' or update your CocoaPods installation.\nEOM\n    exit 1\nfi\n";
			showEnvVarsInLog = 0;
		};
		DB8C6E20170E4D85883855EE /* Copy Pods Resources */ = {
			isa = PBXShellScriptBuildPhase;
			buildActionMask = 2147483647;
			files = (
			);
			inputPaths = (
			);
			name = "Copy Pods Resources";
			outputPaths = (
			);
			runOnlyForDeploymentPostprocessing = 0;
			shellPath = /bin/sh;
			shellScript = "\"${SRCROOT}/Pods/Pods-JDFToolkit-resources.sh\"\n";
			showEnvVarsInLog = 0;
		};
		E955215396AB4E44A6914149 /* Check Pods Manifest.lock */ = {
			isa = PBXShellScriptBuildPhase;
			buildActionMask = 2147483647;
			files = (
			);
			inputPaths = (
			);
			name = "Check Pods Manifest.lock";
			outputPaths = (
			);
			runOnlyForDeploymentPostprocessing = 0;
			shellPath = /bin/sh;
			shellScript = "diff \"${PODS_ROOT}/../Podfile.lock\" \"${PODS_ROOT}/Manifest.lock\" > /dev/null\nif [[ $? != 0 ]] ; then\n    cat << EOM\nerror: The sandbox is not in sync with the Podfile.lock. Run 'pod install' or update your CocoaPods installation.\nEOM\n    exit 1\nfi\n";
			showEnvVarsInLog = 0;
		};
/* End PBXShellScriptBuildPhase section */

/* Begin PBXSourcesBuildPhase section */
		6003F586195388D20070C39A /* Sources */ = {
			isa = PBXSourcesBuildPhase;
			buildActionMask = 2147483647;
			files = (
				F2F9C0381970A630000AA40E /* UIView+JDFToolkit.m in Sources */,
				F2F9C0311970A630000AA40E /* NSObject+JDFBlocks.m in Sources */,
				F2F9C0391970A630000AA40E /* UIViewController+JDFTransitionAdditions.m in Sources */,
				F2F9C0291970A630000AA40E /* JDFDateFormatterCache.m in Sources */,
				F2F9C02C1970A630000AA40E /* JDFTableItem.m in Sources */,
				F2F9C02A1970A630000AA40E /* JDFLocationUtilities.m in Sources */,
				F2F9C0341970A630000AA40E /* UITableViewController+JDFToolkit.m in Sources */,
				F2F9C0331970A630000AA40E /* UILabel+JDFToolkit.m in Sources */,
				F2F9C02E1970A630000AA40E /* JDFTextView.m in Sources */,
				6003F59E195388D20070C39A /* JDFAppDelegate.m in Sources */,
				6003F5A7195388D20070C39A /* JDFViewController.m in Sources */,
				F2F9C02D1970A630000AA40E /* JDFTableSection.m in Sources */,
				F2F9C0301970A630000AA40E /* NSDate+JDFToolkit.m in Sources */,
				F2F9C0371970A630000AA40E /* UIView+JDFGeometry.m in Sources */,
				F2F9C02F1970A630000AA40E /* JDFVersionComparator.m in Sources */,
				F2F9C0321970A630000AA40E /* NSString+JDFToolkit.m in Sources */,
				6003F59A195388D20070C39A /* main.m in Sources */,
				F2F9C0361970A630000AA40E /* UIToolbar+JDFToolkit.m in Sources */,
				F2F9C02B1970A630000AA40E /* JDFProjectUtilities.m in Sources */,
				F2F9C0351970A630000AA40E /* UITextField+JDFToolkit.m in Sources */,
			);
			runOnlyForDeploymentPostprocessing = 0;
		};
		6003F5AA195388D20070C39A /* Sources */ = {
			isa = PBXSourcesBuildPhase;
			buildActionMask = 2147483647;
			files = (
				6003F5BC195388D20070C39A /* Tests.m in Sources */,
			);
			runOnlyForDeploymentPostprocessing = 0;
		};
/* End PBXSourcesBuildPhase section */

/* Begin PBXTargetDependency section */
		6003F5B4195388D20070C39A /* PBXTargetDependency */ = {
			isa = PBXTargetDependency;
			target = 6003F589195388D20070C39A /* JDFToolkit */;
			targetProxy = 6003F5B3195388D20070C39A /* PBXContainerItemProxy */;
		};
/* End PBXTargetDependency section */

/* Begin PBXVariantGroup section */
		6003F596195388D20070C39A /* InfoPlist.strings */ = {
			isa = PBXVariantGroup;
			children = (
				6003F597195388D20070C39A /* en */,
			);
			name = InfoPlist.strings;
			sourceTree = "<group>";
		};
		6003F59F195388D20070C39A /* Main_iPhone.storyboard */ = {
			isa = PBXVariantGroup;
			children = (
				6003F5A0195388D20070C39A /* Base */,
			);
			name = Main_iPhone.storyboard;
			sourceTree = "<group>";
		};
		6003F5A2195388D20070C39A /* Main_iPad.storyboard */ = {
			isa = PBXVariantGroup;
			children = (
				6003F5A3195388D20070C39A /* Base */,
			);
			name = Main_iPad.storyboard;
			sourceTree = "<group>";
		};
		6003F5B8195388D20070C39A /* InfoPlist.strings */ = {
			isa = PBXVariantGroup;
			children = (
				6003F5B9195388D20070C39A /* en */,
			);
			name = InfoPlist.strings;
			sourceTree = "<group>";
		};
/* End PBXVariantGroup section */

/* Begin XCBuildConfiguration section */
		6003F5BD195388D20070C39A /* Debug */ = {
			isa = XCBuildConfiguration;
			buildSettings = {
				ALWAYS_SEARCH_USER_PATHS = NO;
				CLANG_CXX_LANGUAGE_STANDARD = "gnu++0x";
				CLANG_CXX_LIBRARY = "libc++";
				CLANG_ENABLE_MODULES = YES;
				CLANG_ENABLE_OBJC_ARC = YES;
				CLANG_WARN_BOOL_CONVERSION = YES;
				CLANG_WARN_CONSTANT_CONVERSION = YES;
				CLANG_WARN_DIRECT_OBJC_ISA_USAGE = YES_ERROR;
				CLANG_WARN_EMPTY_BODY = YES;
				CLANG_WARN_ENUM_CONVERSION = YES;
				CLANG_WARN_INT_CONVERSION = YES;
				CLANG_WARN_OBJC_ROOT_CLASS = YES_ERROR;
				CLANG_WARN__DUPLICATE_METHOD_MATCH = YES;
				"CODE_SIGN_IDENTITY[sdk=iphoneos*]" = "iPhone Developer";
				COPY_PHASE_STRIP = NO;
				GCC_C_LANGUAGE_STANDARD = gnu99;
				GCC_DYNAMIC_NO_PIC = NO;
				GCC_OPTIMIZATION_LEVEL = 0;
				GCC_PREPROCESSOR_DEFINITIONS = (
					"DEBUG=1",
					"$(inherited)",
				);
				GCC_SYMBOLS_PRIVATE_EXTERN = NO;
				GCC_WARN_64_TO_32_BIT_CONVERSION = YES;
				GCC_WARN_ABOUT_RETURN_TYPE = YES_ERROR;
				GCC_WARN_UNDECLARED_SELECTOR = YES;
				GCC_WARN_UNINITIALIZED_AUTOS = YES_AGGRESSIVE;
				GCC_WARN_UNUSED_FUNCTION = YES;
				GCC_WARN_UNUSED_VARIABLE = YES;
				IPHONEOS_DEPLOYMENT_TARGET = 7.1;
				ONLY_ACTIVE_ARCH = YES;
				SDKROOT = iphoneos;
				TARGETED_DEVICE_FAMILY = "1,2";
			};
			name = Debug;
		};
		6003F5BE195388D20070C39A /* Release */ = {
			isa = XCBuildConfiguration;
			buildSettings = {
				ALWAYS_SEARCH_USER_PATHS = NO;
				CLANG_CXX_LANGUAGE_STANDARD = "gnu++0x";
				CLANG_CXX_LIBRARY = "libc++";
				CLANG_ENABLE_MODULES = YES;
				CLANG_ENABLE_OBJC_ARC = YES;
				CLANG_WARN_BOOL_CONVERSION = YES;
				CLANG_WARN_CONSTANT_CONVERSION = YES;
				CLANG_WARN_DIRECT_OBJC_ISA_USAGE = YES_ERROR;
				CLANG_WARN_EMPTY_BODY = YES;
				CLANG_WARN_ENUM_CONVERSION = YES;
				CLANG_WARN_INT_CONVERSION = YES;
				CLANG_WARN_OBJC_ROOT_CLASS = YES_ERROR;
				CLANG_WARN__DUPLICATE_METHOD_MATCH = YES;
				"CODE_SIGN_IDENTITY[sdk=iphoneos*]" = "iPhone Developer";
				COPY_PHASE_STRIP = YES;
				ENABLE_NS_ASSERTIONS = NO;
				GCC_C_LANGUAGE_STANDARD = gnu99;
				GCC_WARN_64_TO_32_BIT_CONVERSION = YES;
				GCC_WARN_ABOUT_RETURN_TYPE = YES_ERROR;
				GCC_WARN_UNDECLARED_SELECTOR = YES;
				GCC_WARN_UNINITIALIZED_AUTOS = YES_AGGRESSIVE;
				GCC_WARN_UNUSED_FUNCTION = YES;
				GCC_WARN_UNUSED_VARIABLE = YES;
				IPHONEOS_DEPLOYMENT_TARGET = 7.1;
				SDKROOT = iphoneos;
				TARGETED_DEVICE_FAMILY = "1,2";
				VALIDATE_PRODUCT = YES;
			};
			name = Release;
		};
		6003F5C0195388D20070C39A /* Debug */ = {
			isa = XCBuildConfiguration;
			baseConfigurationReference = 24D5F11836A242CE9210572F /* Pods-JDFToolkit.xcconfig */;
			buildSettings = {
				ASSETCATALOG_COMPILER_APPICON_NAME = AppIcon;
				ASSETCATALOG_COMPILER_LAUNCHIMAGE_NAME = LaunchImage;
				GCC_PRECOMPILE_PREFIX_HEADER = YES;
				GCC_PREFIX_HEADER = "JDFToolkit/JDFToolkit-Prefix.pch";
				INFOPLIST_FILE = "JDFToolkit/JDFToolkit-Info.plist";
				IPHONEOS_DEPLOYMENT_TARGET = 7.0;
				PRODUCT_NAME = "$(TARGET_NAME)";
				WRAPPER_EXTENSION = app;
			};
			name = Debug;
		};
		6003F5C1195388D20070C39A /* Release */ = {
			isa = XCBuildConfiguration;
			baseConfigurationReference = 24D5F11836A242CE9210572F /* Pods-JDFToolkit.xcconfig */;
			buildSettings = {
				ASSETCATALOG_COMPILER_APPICON_NAME = AppIcon;
				ASSETCATALOG_COMPILER_LAUNCHIMAGE_NAME = LaunchImage;
				GCC_PRECOMPILE_PREFIX_HEADER = YES;
				GCC_PREFIX_HEADER = "JDFToolkit/JDFToolkit-Prefix.pch";
				INFOPLIST_FILE = "JDFToolkit/JDFToolkit-Info.plist";
				IPHONEOS_DEPLOYMENT_TARGET = 7.0;
				PRODUCT_NAME = "$(TARGET_NAME)";
				WRAPPER_EXTENSION = app;
			};
			name = Release;
		};
		6003F5C3195388D20070C39A /* Debug */ = {
			isa = XCBuildConfiguration;
			baseConfigurationReference = D6FB733019A74A7D9E4096A3 /* Pods-Tests.xcconfig */;
			buildSettings = {
				BUNDLE_LOADER = "$(BUILT_PRODUCTS_DIR)/JDFToolkit.app/JDFToolkit";
				FRAMEWORK_SEARCH_PATHS = (
					"$(SDKROOT)/Developer/Library/Frameworks",
					"$(inherited)",
					"$(DEVELOPER_FRAMEWORKS_DIR)",
				);
				GCC_PRECOMPILE_PREFIX_HEADER = YES;
				GCC_PREFIX_HEADER = "Tests/Tests-Prefix.pch";
				GCC_PREPROCESSOR_DEFINITIONS = (
					"DEBUG=1",
					"$(inherited)",
				);
				INFOPLIST_FILE = "Tests/Tests-Info.plist";
				PRODUCT_NAME = "$(TARGET_NAME)";
				TEST_HOST = "$(BUNDLE_LOADER)";
				WRAPPER_EXTENSION = xctest;
			};
			name = Debug;
		};
		6003F5C4195388D20070C39A /* Release */ = {
			isa = XCBuildConfiguration;
			baseConfigurationReference = D6FB733019A74A7D9E4096A3 /* Pods-Tests.xcconfig */;
			buildSettings = {
				BUNDLE_LOADER = "$(BUILT_PRODUCTS_DIR)/JDFToolkit.app/JDFToolkit";
				FRAMEWORK_SEARCH_PATHS = (
					"$(SDKROOT)/Developer/Library/Frameworks",
					"$(inherited)",
					"$(DEVELOPER_FRAMEWORKS_DIR)",
				);
				GCC_PRECOMPILE_PREFIX_HEADER = YES;
				GCC_PREFIX_HEADER = "Tests/Tests-Prefix.pch";
				INFOPLIST_FILE = "Tests/Tests-Info.plist";
				PRODUCT_NAME = "$(TARGET_NAME)";
				TEST_HOST = "$(BUNDLE_LOADER)";
				WRAPPER_EXTENSION = xctest;
			};
			name = Release;
		};
/* End XCBuildConfiguration section */

/* Begin XCConfigurationList section */
		6003F585195388D10070C39A /* Build configuration list for PBXProject "JDFToolkit" */ = {
			isa = XCConfigurationList;
			buildConfigurations = (
				6003F5BD195388D20070C39A /* Debug */,
				6003F5BE195388D20070C39A /* Release */,
			);
			defaultConfigurationIsVisible = 0;
			defaultConfigurationName = Release;
		};
		6003F5BF195388D20070C39A /* Build configuration list for PBXNativeTarget "JDFToolkit" */ = {
			isa = XCConfigurationList;
			buildConfigurations = (
				6003F5C0195388D20070C39A /* Debug */,
				6003F5C1195388D20070C39A /* Release */,
			);
			defaultConfigurationIsVisible = 0;
			defaultConfigurationName = Release;
		};
		6003F5C2195388D20070C39A /* Build configuration list for PBXNativeTarget "Tests" */ = {
			isa = XCConfigurationList;
			buildConfigurations = (
				6003F5C3195388D20070C39A /* Debug */,
				6003F5C4195388D20070C39A /* Release */,
			);
			defaultConfigurationIsVisible = 0;
			defaultConfigurationName = Release;
		};
/* End XCConfigurationList section */
	};
	rootObject = 6003F582195388D10070C39A /* Project object */;
}
